
Microsoft Visual Studio Solution File, Format Version 12.00
# Visual Studio Version 16
VisualStudioVersion = 16.0.30320.27
MinimumVisualStudioVersion = 10.0.40219.1
Project("{FAE04EC0-301F-11D3-BF4B-00C04F79EFBC}") = "OnlineShop.Commom", "OnlineShop.Commom\OnlineShop.Commom.csproj", "{6768301A-BEB9-4C32-ACF5-88BA221E0313}"
EndProject
Project("{FAE04EC0-301F-11D3-BF4B-00C04F79EFBC}") = "OnlineShop.Model", "OnlineShop.Model\OnlineShop.Model.csproj", "{5DAF3792-FA2C-4320-8998-CC04671EEC33}"
EndProject
Project("{FAE04EC0-301F-11D3-BF4B-00C04F79EFBC}") = "OnlineShop.Data", "OnlineShop.Data\OnlineShop.Data.csproj", "{A7C067BB-1D5E-414F-915C-6B241FBBCE68}"
EndProject
Project("{FAE04EC0-301F-11D3-BF4B-00C04F79EFBC}") = "OnlineShop.Service", "OnlineShop.Service\OnlineShop.Service.csproj", "{DD0C3B83-2980-445E-AFAA-6624E9B721D2}"
EndProject
Project("{FAE04EC0-301F-11D3-BF4B-00C04F79EFBC}") = "Online.UnitTest", "Online.UnitTest\Online.UnitTest.csproj", "{8E9414EF-9A3C-4589-A4BB-1492150FF9BA}"
EndProject
Project("{FAE04EC0-301F-11D3-BF4B-00C04F79EFBC}") = "Online.Web", "Online.Web\Online.Web.csproj", "{C6421923-758E-418A-8E77-1D2B6915F0EE}"
EndProject
Global
	GlobalSection(SolutionConfigurationPlatforms) = preSolution
		Debug|Any CPU = Debug|Any CPU
		Release|Any CPU = Release|Any CPU
	EndGlobalSection
	GlobalSection(ProjectConfigurationPlatforms) = postSolution
		{6768301A-BEB9-4C32-ACF5-88BA221E0313}.Debug|Any CPU.ActiveCfg = Debug|Any CPU
		{6768301A-BEB9-4C32-ACF5-88BA221E0313}.Debug|Any CPU.Build.0 = Debug|Any CPU
		{6768301A-BEB9-4C32-ACF5-88BA221E0313}.Release|Any CPU.ActiveCfg = Release|Any CPU
		{6768301A-BEB9-4C32-ACF5-88BA221E0313}.Release|Any CPU.Build.0 = Release|Any CPU
		{5DAF3792-FA2C-4320-8998-CC04671EEC33}.Debug|Any CPU.ActiveCfg = Debug|Any CPU
		{5DAF3792-FA2C-4320-8998-CC04671EEC33}.Debug|Any CPU.Build.0 = Debug|Any CPU
		{5DAF3792-FA2C-4320-8998-CC04671EEC33}.Release|Any CPU.ActiveCfg = Release|Any CPU
		{5DAF3792-FA2C-4320-8998-CC04671EEC33}.Release|Any CPU.Build.0 = Release|Any CPU
		{A7C067BB-1D5E-414F-915C-6B241FBBCE68}.Debug|Any CPU.ActiveCfg = Debug|Any CPU
		{A7C067BB-1D5E-414F-915C-6B241FBBCE68}.Debug|Any CPU.Build.0 = Debug|Any CPU
		{A7C067BB-1D5E-414F-915C-6B241FBBCE68}.Release|Any CPU.ActiveCfg = Release|Any CPU
		{A7C067BB-1D5E-414F-915C-6B241FBBCE68}.Release|Any CPU.Build.0 = Release|Any CPU
		{DD0C3B83-2980-445E-AFAA-6624E9B721D2}.Debug|Any CPU.ActiveCfg = Debug|Any CPU
		{DD0C3B83-2980-445E-AFAA-6624E9B721D2}.Debug|Any CPU.Build.0 = Debug|Any CPU
		{DD0C3B83-2980-445E-AFAA-6624E9B721D2}.Release|Any CPU.ActiveCfg = Release|Any CPU
		{DD0C3B83-2980-445E-AFAA-6624E9B721D2}.Release|Any CPU.Build.0 = Release|Any CPU
		{8E9414EF-9A3C-4589-A4BB-1492150FF9BA}.Debug|Any CPU.ActiveCfg = Debug|Any CPU
		{8E9414EF-9A3C-4589-A4BB-1492150FF9BA}.Debug|Any CPU.Build.0 = Debug|Any CPU
		{8E9414EF-9A3C-4589-A4BB-1492150FF9BA}.Release|Any CPU.ActiveCfg = Release|Any CPU
		{8E9414EF-9A3C-4589-A4BB-1492150FF9BA}.Release|Any CPU.Build.0 = Release|Any CPU
		{C6421923-758E-418A-8E77-1D2B6915F0EE}.Debug|Any CPU.ActiveCfg = Debug|Any CPU
		{C6421923-758E-418A-8E77-1D2B6915F0EE}.Debug|Any CPU.Build.0 = Debug|Any CPU
		{C6421923-758E-418A-8E77-1D2B6915F0EE}.Release|Any CPU.ActiveCfg = Release|Any CPU
		{C6421923-758E-418A-8E77-1D2B6915F0EE}.Release|Any CPU.Build.0 = Release|Any CPU
	EndGlobalSection
	GlobalSection(SolutionProperties) = preSolution
		HideSolutionNode = FALSE
	EndGlobalSection
	GlobalSection(ExtensibilityGlobals) = postSolution
		SolutionGuid = {928DAD0C-4671-4F87-AAB7-FF41783A3E49}
	EndGlobalSection
EndGlobal
